# This file is automatically @generated by Cargo.
# It is not intended for manual editing.
version = 4

[[package]]
name = "gos-mutation-dispatch"
version = "0.1.0"
dependencies = [
 "gos-protocol",
]

[[package]]
name = "gos-mutation-dispatch-harness"
version = "0.1.0"
dependencies = [
 "gos-mutation-dispatch",
 "gos-protocol",
]

[[package]]
name = "gos-protocol"
version = "0.2.0"
